
Microsoft Visual Studio Solution File, Format Version 12.00
# Visual Studio Version 17
VisualStudioVersion = 17.10.35004.147
MinimumVisualStudioVersion = 10.0.40219.1
Project("{FAE04EC0-301F-11D3-BF4B-00C04F79EFBC}") = "BackjoonProblem", "BackjoonProblem\BackjoonProblem.csproj", "{A2983800-258E-4930-BD92-4245AA08C7E7}"
EndProject
Project("{2150E333-8FDC-42A3-9474-1A3956D46DE8}") = "솔루션 항목", "솔루션 항목", "{056B03C9-111A-403B-A9BA-B5F02E898962}"
EndProject
Project("{FAE04EC0-301F-11D3-BF4B-00C04F79EFBC}") = "OneDimensionalArray", "ConsoleApp1\OneDimensionalArray.csproj", "{87B6B94A-31D4-4A5C-BB72-53D91EE472B8}"
EndProject
Project("{FAE04EC0-301F-11D3-BF4B-00C04F79EFBC}") = "StringBaekjoon", "StringBaekjoon\StringBaekjoon.csproj", "{9CF82F24-692D-4385-883A-7304D9C144CC}"
EndProject
Project("{FAE04EC0-301F-11D3-BF4B-00C04F79EFBC}") = "JustTest", "JustTest\JustTest.csproj", "{B9994EED-579E-4B98-9697-AFAA0C2A46BE}"
EndProject
Project("{FAE04EC0-301F-11D3-BF4B-00C04F79EFBC}") = "TwoDimensionalArray", "TwoDimensionalArray\TwoDimensionalArray.csproj", "{608117BD-526A-4A1C-A8A5-3718ACE15C65}"
EndProject
Global
	GlobalSection(SolutionConfigurationPlatforms) = preSolution
		Debug|Any CPU = Debug|Any CPU
		Release|Any CPU = Release|Any CPU
	EndGlobalSection
	GlobalSection(ProjectConfigurationPlatforms) = postSolution
		{A2983800-258E-4930-BD92-4245AA08C7E7}.Debug|Any CPU.ActiveCfg = Debug|Any CPU
		{A2983800-258E-4930-BD92-4245AA08C7E7}.Debug|Any CPU.Build.0 = Debug|Any CPU
		{A2983800-258E-4930-BD92-4245AA08C7E7}.Release|Any CPU.ActiveCfg = Release|Any CPU
		{A2983800-258E-4930-BD92-4245AA08C7E7}.Release|Any CPU.Build.0 = Release|Any CPU
		{87B6B94A-31D4-4A5C-BB72-53D91EE472B8}.Debug|Any CPU.ActiveCfg = Debug|Any CPU
		{87B6B94A-31D4-4A5C-BB72-53D91EE472B8}.Debug|Any CPU.Build.0 = Debug|Any CPU
		{87B6B94A-31D4-4A5C-BB72-53D91EE472B8}.Release|Any CPU.ActiveCfg = Release|Any CPU
		{87B6B94A-31D4-4A5C-BB72-53D91EE472B8}.Release|Any CPU.Build.0 = Release|Any CPU
		{9CF82F24-692D-4385-883A-7304D9C144CC}.Debug|Any CPU.ActiveCfg = Debug|Any CPU
		{9CF82F24-692D-4385-883A-7304D9C144CC}.Debug|Any CPU.Build.0 = Debug|Any CPU
		{9CF82F24-692D-4385-883A-7304D9C144CC}.Release|Any CPU.ActiveCfg = Release|Any CPU
		{9CF82F24-692D-4385-883A-7304D9C144CC}.Release|Any CPU.Build.0 = Release|Any CPU
		{B9994EED-579E-4B98-9697-AFAA0C2A46BE}.Debug|Any CPU.ActiveCfg = Debug|Any CPU
		{B9994EED-579E-4B98-9697-AFAA0C2A46BE}.Debug|Any CPU.Build.0 = Debug|Any CPU
		{B9994EED-579E-4B98-9697-AFAA0C2A46BE}.Release|Any CPU.ActiveCfg = Release|Any CPU
		{B9994EED-579E-4B98-9697-AFAA0C2A46BE}.Release|Any CPU.Build.0 = Release|Any CPU
		{608117BD-526A-4A1C-A8A5-3718ACE15C65}.Debug|Any CPU.ActiveCfg = Debug|Any CPU
		{608117BD-526A-4A1C-A8A5-3718ACE15C65}.Debug|Any CPU.Build.0 = Debug|Any CPU
		{608117BD-526A-4A1C-A8A5-3718ACE15C65}.Release|Any CPU.ActiveCfg = Release|Any CPU
		{608117BD-526A-4A1C-A8A5-3718ACE15C65}.Release|Any CPU.Build.0 = Release|Any CPU
	EndGlobalSection
	GlobalSection(SolutionProperties) = preSolution
		HideSolutionNode = FALSE
	EndGlobalSection
	GlobalSection(ExtensibilityGlobals) = postSolution
		SolutionGuid = {9A4FB777-E3BC-4F90-8920-D3E577C8E85C}
	EndGlobalSection
EndGlobal
